
Microsoft Visual Studio Solution File, Format Version 12.00
# Visual Studio Version 17
VisualStudioVersion = 17.9.34728.123
MinimumVisualStudioVersion = 10.0.40219.1
Project("{2150E333-8FDC-42A3-9474-1A3956D46DE8}") = "Services", "Services", "{3B452D68-F987-4D38-9BE1-1017825F8429}"
EndProject
Project("{2150E333-8FDC-42A3-9474-1A3956D46DE8}") = "Clients", "Clients", "{46FD51BB-3B2C-487E-893F-C07AA04406E4}"
EndProject
Project("{2150E333-8FDC-42A3-9474-1A3956D46DE8}") = "IdentityServers", "IdentityServers", "{1DF384D4-C07C-49D4-86A7-FBAEE7C5BF66}"
EndProject
Project("{9A19103F-16F7-4668-BE54-9A1E7A4F7556}") = "ECommerce.Admin", "IdentityServers\ECommerce.Admin\ECommerce.Admin.csproj", "{2E4CA06F-FE77-4DA0-AA24-4AA28AD2BA1D}"
EndProject
Project("{9A19103F-16F7-4668-BE54-9A1E7A4F7556}") = "ECommerce.Admin.Api", "IdentityServers\ECommerce.Admin.Api\ECommerce.Admin.Api.csproj", "{8749119A-7C8B-42E4-8332-1BDDD8C32783}"
EndProject
Project("{9A19103F-16F7-4668-BE54-9A1E7A4F7556}") = "ECommerce.Admin.EntityFramework.Shared", "IdentityServers\ECommerce.Admin.EntityFramework.Shared\ECommerce.Admin.EntityFramework.Shared.csproj", "{5B1AD68E-1A15-40CD-88FB-946DFB0173ED}"
EndProject
Project("{9A19103F-16F7-4668-BE54-9A1E7A4F7556}") = "ECommerce.Admin.EntityFramework.SqlServer", "IdentityServers\ECommerce.Admin.EntityFramework.SqlServer\ECommerce.Admin.EntityFramework.SqlServer.csproj", "{45000CAF-099F-4AF4-8E99-F0F61B6C49FB}"
EndProject
Project("{9A19103F-16F7-4668-BE54-9A1E7A4F7556}") = "ECommerce.Shared", "IdentityServers\ECommerce.Shared\ECommerce.Shared.csproj", "{30C386CB-F9A4-4209-911F-B7F48678C2FC}"
EndProject
Project("{9A19103F-16F7-4668-BE54-9A1E7A4F7556}") = "ECommerce.STS.Identity", "IdentityServers\ECommerce.STS.Identity\ECommerce.STS.Identity.csproj", "{19B9400A-065E-45BA-B159-3A2818BA52B8}"
EndProject
Project("{2150E333-8FDC-42A3-9474-1A3956D46DE8}") = "Order", "Order", "{5ED44C2A-4CCC-4B37-9331-936257CF2E2A}"
EndProject
Project("{2150E333-8FDC-42A3-9474-1A3956D46DE8}") = "Basket", "Basket", "{89B5F799-1C55-4716-9F51-4A023AABB6C5}"
EndProject
Project("{2150E333-8FDC-42A3-9474-1A3956D46DE8}") = "Catalog", "Catalog", "{80AE5EE7-5944-42BC-B127-25CB6456BE99}"
EndProject
Project("{FAE04EC0-301F-11D3-BF4B-00C04F79EFBC}") = "Order.API", "Services\Order\Order.API\Order.API.csproj", "{DE52FB05-016D-4A7F-A97D-FAA5B8C6A979}"
EndProject
Project("{FAE04EC0-301F-11D3-BF4B-00C04F79EFBC}") = "Catalog.API", "Services\Catalog\Catalog.API\Catalog.API.csproj", "{4DA27F69-5CAF-400F-A122-FB7D50D9ABC4}"
EndProject
Project("{FAE04EC0-301F-11D3-BF4B-00C04F79EFBC}") = "Basket.API", "Services\Basket\Basket.API\Basket.API.csproj", "{E039A970-A6D7-4D56-B2E4-451C3A891BC7}"
EndProject
Global
	GlobalSection(SolutionConfigurationPlatforms) = preSolution
		Debug|Any CPU = Debug|Any CPU
		Release|Any CPU = Release|Any CPU
	EndGlobalSection
	GlobalSection(ProjectConfigurationPlatforms) = postSolution
		{2E4CA06F-FE77-4DA0-AA24-4AA28AD2BA1D}.Debug|Any CPU.ActiveCfg = Debug|Any CPU
		{2E4CA06F-FE77-4DA0-AA24-4AA28AD2BA1D}.Debug|Any CPU.Build.0 = Debug|Any CPU
		{2E4CA06F-FE77-4DA0-AA24-4AA28AD2BA1D}.Release|Any CPU.ActiveCfg = Release|Any CPU
		{2E4CA06F-FE77-4DA0-AA24-4AA28AD2BA1D}.Release|Any CPU.Build.0 = Release|Any CPU
		{8749119A-7C8B-42E4-8332-1BDDD8C32783}.Debug|Any CPU.ActiveCfg = Debug|Any CPU
		{8749119A-7C8B-42E4-8332-1BDDD8C32783}.Debug|Any CPU.Build.0 = Debug|Any CPU
		{8749119A-7C8B-42E4-8332-1BDDD8C32783}.Release|Any CPU.ActiveCfg = Release|Any CPU
		{8749119A-7C8B-42E4-8332-1BDDD8C32783}.Release|Any CPU.Build.0 = Release|Any CPU
		{5B1AD68E-1A15-40CD-88FB-946DFB0173ED}.Debug|Any CPU.ActiveCfg = Debug|Any CPU
		{5B1AD68E-1A15-40CD-88FB-946DFB0173ED}.Debug|Any CPU.Build.0 = Debug|Any CPU
		{5B1AD68E-1A15-40CD-88FB-946DFB0173ED}.Release|Any CPU.ActiveCfg = Release|Any CPU
		{5B1AD68E-1A15-40CD-88FB-946DFB0173ED}.Release|Any CPU.Build.0 = Release|Any CPU
		{45000CAF-099F-4AF4-8E99-F0F61B6C49FB}.Debug|Any CPU.ActiveCfg = Debug|Any CPU
		{45000CAF-099F-4AF4-8E99-F0F61B6C49FB}.Debug|Any CPU.Build.0 = Debug|Any CPU
		{45000CAF-099F-4AF4-8E99-F0F61B6C49FB}.Release|Any CPU.ActiveCfg = Release|Any CPU
		{45000CAF-099F-4AF4-8E99-F0F61B6C49FB}.Release|Any CPU.Build.0 = Release|Any CPU
		{30C386CB-F9A4-4209-911F-B7F48678C2FC}.Debug|Any CPU.ActiveCfg = Debug|Any CPU
		{30C386CB-F9A4-4209-911F-B7F48678C2FC}.Debug|Any CPU.Build.0 = Debug|Any CPU
		{30C386CB-F9A4-4209-911F-B7F48678C2FC}.Release|Any CPU.ActiveCfg = Release|Any CPU
		{30C386CB-F9A4-4209-911F-B7F48678C2FC}.Release|Any CPU.Build.0 = Release|Any CPU
		{19B9400A-065E-45BA-B159-3A2818BA52B8}.Debug|Any CPU.ActiveCfg = Debug|Any CPU
		{19B9400A-065E-45BA-B159-3A2818BA52B8}.Debug|Any CPU.Build.0 = Debug|Any CPU
		{19B9400A-065E-45BA-B159-3A2818BA52B8}.Release|Any CPU.ActiveCfg = Release|Any CPU
		{19B9400A-065E-45BA-B159-3A2818BA52B8}.Release|Any CPU.Build.0 = Release|Any CPU
		{DE52FB05-016D-4A7F-A97D-FAA5B8C6A979}.Debug|Any CPU.ActiveCfg = Debug|Any CPU
		{DE52FB05-016D-4A7F-A97D-FAA5B8C6A979}.Debug|Any CPU.Build.0 = Debug|Any CPU
		{DE52FB05-016D-4A7F-A97D-FAA5B8C6A979}.Release|Any CPU.ActiveCfg = Release|Any CPU
		{DE52FB05-016D-4A7F-A97D-FAA5B8C6A979}.Release|Any CPU.Build.0 = Release|Any CPU
		{4DA27F69-5CAF-400F-A122-FB7D50D9ABC4}.Debug|Any CPU.ActiveCfg = Debug|Any CPU
		{4DA27F69-5CAF-400F-A122-FB7D50D9ABC4}.Debug|Any CPU.Build.0 = Debug|Any CPU
		{4DA27F69-5CAF-400F-A122-FB7D50D9ABC4}.Release|Any CPU.ActiveCfg = Release|Any CPU
		{4DA27F69-5CAF-400F-A122-FB7D50D9ABC4}.Release|Any CPU.Build.0 = Release|Any CPU
		{E039A970-A6D7-4D56-B2E4-451C3A891BC7}.Debug|Any CPU.ActiveCfg = Debug|Any CPU
		{E039A970-A6D7-4D56-B2E4-451C3A891BC7}.Debug|Any CPU.Build.0 = Debug|Any CPU
		{E039A970-A6D7-4D56-B2E4-451C3A891BC7}.Release|Any CPU.ActiveCfg = Release|Any CPU
		{E039A970-A6D7-4D56-B2E4-451C3A891BC7}.Release|Any CPU.Build.0 = Release|Any CPU
	EndGlobalSection
	GlobalSection(SolutionProperties) = preSolution
		HideSolutionNode = FALSE
	EndGlobalSection
	GlobalSection(NestedProjects) = preSolution
		{2E4CA06F-FE77-4DA0-AA24-4AA28AD2BA1D} = {1DF384D4-C07C-49D4-86A7-FBAEE7C5BF66}
		{8749119A-7C8B-42E4-8332-1BDDD8C32783} = {1DF384D4-C07C-49D4-86A7-FBAEE7C5BF66}
		{5B1AD68E-1A15-40CD-88FB-946DFB0173ED} = {1DF384D4-C07C-49D4-86A7-FBAEE7C5BF66}
		{45000CAF-099F-4AF4-8E99-F0F61B6C49FB} = {1DF384D4-C07C-49D4-86A7-FBAEE7C5BF66}
		{30C386CB-F9A4-4209-911F-B7F48678C2FC} = {1DF384D4-C07C-49D4-86A7-FBAEE7C5BF66}
		{19B9400A-065E-45BA-B159-3A2818BA52B8} = {1DF384D4-C07C-49D4-86A7-FBAEE7C5BF66}
		{5ED44C2A-4CCC-4B37-9331-936257CF2E2A} = {3B452D68-F987-4D38-9BE1-1017825F8429}
		{89B5F799-1C55-4716-9F51-4A023AABB6C5} = {3B452D68-F987-4D38-9BE1-1017825F8429}
		{80AE5EE7-5944-42BC-B127-25CB6456BE99} = {3B452D68-F987-4D38-9BE1-1017825F8429}
		{DE52FB05-016D-4A7F-A97D-FAA5B8C6A979} = {5ED44C2A-4CCC-4B37-9331-936257CF2E2A}
		{4DA27F69-5CAF-400F-A122-FB7D50D9ABC4} = {80AE5EE7-5944-42BC-B127-25CB6456BE99}
		{E039A970-A6D7-4D56-B2E4-451C3A891BC7} = {89B5F799-1C55-4716-9F51-4A023AABB6C5}
	EndGlobalSection
	GlobalSection(ExtensibilityGlobals) = postSolution
		SolutionGuid = {A5E37C20-5928-494A-9B4B-B084CE05F301}
	EndGlobalSection
EndGlobal
